# This file is automatically @generated by Cargo.
# It is not intended for manual editing.
version = 4

[[package]]
name = "openbsw-async"
version = "0.1.0"
dependencies = [
 "openbsw-timer",
 "openbsw-util",
]

[[package]]
name = "openbsw-console"
version = "0.1.0"
dependencies = [
 "openbsw-async",
 "openbsw-util",
]

[[package]]
name = "openbsw-cpp2can"
version = "0.1.0"
dependencies = [
 "openbsw-timer",
 "openbsw-util",
]

[[package]]
name = "openbsw-lifecycle"
version = "0.1.0"
dependencies = [
 "openbsw-async",
 "openbsw-util",
]

[[package]]
name = "openbsw-logger"
version = "0.1.0"
dependencies = [
 "openbsw-timer",
 "openbsw-util",
]

[[package]]
name = "openbsw-runtime"
version = "0.1.0"
dependencies = [
 "openbsw-timer",
 "openbsw-util",
]

[[package]]
name = "openbsw-timer"
version = "0.1.0"

[[package]]
name = "openbsw-transport"
version = "0.1.0"
dependencies = [
 "openbsw-timer",
 "openbsw-util",
]

[[package]]
name = "openbsw-util"
version = "0.1.0"
